
Microsoft Visual Studio Solution File, Format Version 12.00
# Visual Studio Version 16
VisualStudioVersion = 16.0.30509.190
MinimumVisualStudioVersion = 10.0.40219.1
Project("{FAE04EC0-301F-11D3-BF4B-00C04F79EFBC}") = "Covid19Stats", "Covid19Stats\Covid19Stats.csproj", "{801DAE4C-59B7-4620-95B3-A5F561D4B654}"
EndProject
Global
	GlobalSection(SolutionConfigurationPlatforms) = preSolution
		Debug|Any CPU = Debug|Any CPU
		Release|Any CPU = Release|Any CPU
	EndGlobalSection
	GlobalSection(ProjectConfigurationPlatforms) = postSolution
		{801DAE4C-59B7-4620-95B3-A5F561D4B654}.Debug|Any CPU.ActiveCfg = Debug|Any CPU
		{801DAE4C-59B7-4620-95B3-A5F561D4B654}.Debug|Any CPU.Build.0 = Debug|Any CPU
		{801DAE4C-59B7-4620-95B3-A5F561D4B654}.Release|Any CPU.ActiveCfg = Release|Any CPU
		{801DAE4C-59B7-4620-95B3-A5F561D4B654}.Release|Any CPU.Build.0 = Release|Any CPU
	EndGlobalSection
	GlobalSection(SolutionProperties) = preSolution
		HideSolutionNode = FALSE
	EndGlobalSection
	GlobalSection(ExtensibilityGlobals) = postSolution
		SolutionGuid = {42C5C141-DA64-401E-A6DD-C692492A04CF}
	EndGlobalSection
EndGlobal
